
Microsoft Visual Studio Solution File, Format Version 12.00
# Visual Studio Version 16
VisualStudioVersion = 16.0.29201.188
MinimumVisualStudioVersion = 10.0.40219.1
Project("{9A19103F-16F7-4668-BE54-9A1E7A4F7556}") = "HelixTroubleshootingWPF", "HelixTroubleshootingWPF\HelixTroubleshootingWPF.csproj", "{1540E095-32F1-4436-9018-FC63A29DF1AD}"
EndProject
Global
	GlobalSection(SolutionConfigurationPlatforms) = preSolution
		Debug|Any CPU = Debug|Any CPU
		Release|Any CPU = Release|Any CPU
	EndGlobalSection
	GlobalSection(ProjectConfigurationPlatforms) = postSolution
		{1540E095-32F1-4436-9018-FC63A29DF1AD}.Debug|Any CPU.ActiveCfg = Debug|Any CPU
		{1540E095-32F1-4436-9018-FC63A29DF1AD}.Debug|Any CPU.Build.0 = Debug|Any CPU
		{1540E095-32F1-4436-9018-FC63A29DF1AD}.Release|Any CPU.ActiveCfg = Release|Any CPU
		{1540E095-32F1-4436-9018-FC63A29DF1AD}.Release|Any CPU.Build.0 = Release|Any CPU
	EndGlobalSection
	GlobalSection(SolutionProperties) = preSolution
		HideSolutionNode = FALSE
	EndGlobalSection
	GlobalSection(ExtensibilityGlobals) = postSolution
		SolutionGuid = {A91343DB-1328-4B54-910D-D7D2333DEE56}
	EndGlobalSection
EndGlobal
